
Microsoft Visual Studio Solution File, Format Version 12.00
# Visual Studio Version 17
VisualStudioVersion = 17.11.35303.130
MinimumVisualStudioVersion = 10.0.40219.1
Project("{8BC9CEB8-8B4A-11D0-8D11-00A0C91BC942}") = "Practica_1", "Practica1\Practica1.vcxproj", "{0854B4B7-1082-4908-BEDE-FE63554F3D8B}"
EndProject
Project("{8BC9CEB8-8B4A-11D0-8D11-00A0C91BC942}") = "Practica_2", "Practica2\Practica2.vcxproj", "{2728DE81-2F47-4A7D-8A94-E8A10A1CDE88}"
EndProject
Project("{8BC9CEB8-8B4A-11D0-8D11-00A0C91BC942}") = "Practica_3", "Practica3\Practica3.vcxproj", "{D380D49B-EA09-4BB1-98D1-97100FB9F77D}"
EndProject
Project("{8BC9CEB8-8B4A-11D0-8D11-00A0C91BC942}") = "Practica_4", "Practica4\Practica4.vcxproj", "{84F7572E-ACB9-4076-90D0-DF43F02EF7B8}"
EndProject
Project("{8BC9CEB8-8B4A-11D0-8D11-00A0C91BC942}") = "Practica_5", "Practica5\Practica5.vcxproj", "{39E63116-5FF0-4217-92E8-D2AFFFDA3947}"
EndProject
Project("{8BC9CEB8-8B4A-11D0-8D11-00A0C91BC942}") = "Practica_6", "Practica6\Practica6.vcxproj", "{D6081274-AD8F-4CE1-B8BD-2086FFF18BAD}"
EndProject
Project("{8BC9CEB8-8B4A-11D0-8D11-00A0C91BC942}") = "Practica_7", "Practica7\Practica7.vcxproj", "{BBEA9A8E-AB17-43E4-804D-041242D5F2F6}"
EndProject
Project("{8BC9CEB8-8B4A-11D0-8D11-00A0C91BC942}") = "Practica_8", "Practica8\Practica8.vcxproj", "{6333B30A-4CA8-4E96-B084-80638DAB65C4}"
EndProject
Project("{8BC9CEB8-8B4A-11D0-8D11-00A0C91BC942}") = "Practica_9", "Practica9\Practica9.vcxproj", "{D642718E-6C8F-4F2E-A31A-530F4E099E71}"
EndProject
Project("{8BC9CEB8-8B4A-11D0-8D11-00A0C91BC942}") = "Practica_10", "Practica10\Practica10.vcxproj", "{65302AB4-B648-4B50-BEAD-6A8959806ED5}"
EndProject
Project("{8BC9CEB8-8B4A-11D0-8D11-00A0C91BC942}") = "Practica_11", "Practica11\Practica11.vcxproj", "{0577A80B-3798-488A-91F8-AAD0AE2F86B6}"
EndProject
Project("{8BC9CEB8-8B4A-11D0-8D11-00A0C91BC942}") = "Practica_13", "Practica_13\Practica_13.vcxproj", "{53D41B71-F1A0-4468-B6F3-25A081E0B497}"
EndProject
Project("{8BC9CEB8-8B4A-11D0-8D11-00A0C91BC942}") = "Practica_14", "Practica_14\Practica_14.vcxproj", "{159C5828-0758-439B-9052-A5F1F90ED72C}"
EndProject
Project("{8BC9CEB8-8B4A-11D0-8D11-00A0C91BC942}") = "Practica_15", "Practica_15\Practica_15.vcxproj", "{47023A86-CDDC-463C-AAA3-2607BB6C59C2}"
EndProject
Project("{8BC9CEB8-8B4A-11D0-8D11-00A0C91BC942}") = "Practica_16", "Practica_16\Practica_16.vcxproj", "{391E3B04-B9E5-49EF-A452-619F84AA6959}"
EndProject
Project("{8BC9CEB8-8B4A-11D0-8D11-00A0C91BC942}") = "Practica_17", "Practica_17\Practica_17.vcxproj", "{9E4AEF13-E546-4C4D-BBD7-35305DB017B1}"
EndProject
Project("{8BC9CEB8-8B4A-11D0-8D11-00A0C91BC942}") = "Practica_19", "Practica_19\Practica_19.vcxproj", "{5358E4DB-D571-4647-99C9-F83A14A55770}"
EndProject
Project("{8BC9CEB8-8B4A-11D0-8D11-00A0C91BC942}") = "Practica_20", "Practica_20\Practica_20.vcxproj", "{FEA9E81E-39E8-4C46-A206-8B718D8F1B22}"
EndProject
Global
	GlobalSection(SolutionConfigurationPlatforms) = preSolution
		Debug|x64 = Debug|x64
		Debug|x86 = Debug|x86
		Release|x64 = Release|x64
		Release|x86 = Release|x86
	EndGlobalSection
	GlobalSection(ProjectConfigurationPlatforms) = postSolution
		{0854B4B7-1082-4908-BEDE-FE63554F3D8B}.Debug|x64.ActiveCfg = Debug|x64
		{0854B4B7-1082-4908-BEDE-FE63554F3D8B}.Debug|x64.Build.0 = Debug|x64
		{0854B4B7-1082-4908-BEDE-FE63554F3D8B}.Debug|x86.ActiveCfg = Debug|Win32
		{0854B4B7-1082-4908-BEDE-FE63554F3D8B}.Debug|x86.Build.0 = Debug|Win32
		{0854B4B7-1082-4908-BEDE-FE63554F3D8B}.Release|x64.ActiveCfg = Release|x64
		{0854B4B7-1082-4908-BEDE-FE63554F3D8B}.Release|x64.Build.0 = Release|x64
		{0854B4B7-1082-4908-BEDE-FE63554F3D8B}.Release|x86.ActiveCfg = Release|Win32
		{0854B4B7-1082-4908-BEDE-FE63554F3D8B}.Release|x86.Build.0 = Release|Win32
		{2728DE81-2F47-4A7D-8A94-E8A10A1CDE88}.Debug|x64.ActiveCfg = Debug|x64
		{2728DE81-2F47-4A7D-8A94-E8A10A1CDE88}.Debug|x64.Build.0 = Debug|x64
		{2728DE81-2F47-4A7D-8A94-E8A10A1CDE88}.Debug|x86.ActiveCfg = Debug|Win32
		{2728DE81-2F47-4A7D-8A94-E8A10A1CDE88}.Debug|x86.Build.0 = Debug|Win32
		{2728DE81-2F47-4A7D-8A94-E8A10A1CDE88}.Release|x64.ActiveCfg = Release|x64
		{2728DE81-2F47-4A7D-8A94-E8A10A1CDE88}.Release|x64.Build.0 = Release|x64
		{2728DE81-2F47-4A7D-8A94-E8A10A1CDE88}.Release|x86.ActiveCfg = Release|Win32
		{2728DE81-2F47-4A7D-8A94-E8A10A1CDE88}.Release|x86.Build.0 = Release|Win32
		{D380D49B-EA09-4BB1-98D1-97100FB9F77D}.Debug|x64.ActiveCfg = Debug|x64
		{D380D49B-EA09-4BB1-98D1-97100FB9F77D}.Debug|x64.Build.0 = Debug|x64
		{D380D49B-EA09-4BB1-98D1-97100FB9F77D}.Debug|x86.ActiveCfg = Debug|Win32
		{D380D49B-EA09-4BB1-98D1-97100FB9F77D}.Debug|x86.Build.0 = Debug|Win32
		{D380D49B-EA09-4BB1-98D1-97100FB9F77D}.Release|x64.ActiveCfg = Release|x64
		{D380D49B-EA09-4BB1-98D1-97100FB9F77D}.Release|x64.Build.0 = Release|x64
		{D380D49B-EA09-4BB1-98D1-97100FB9F77D}.Release|x86.ActiveCfg = Release|Win32
		{D380D49B-EA09-4BB1-98D1-97100FB9F77D}.Release|x86.Build.0 = Release|Win32
		{84F7572E-ACB9-4076-90D0-DF43F02EF7B8}.Debug|x64.ActiveCfg = Debug|x64
		{84F7572E-ACB9-4076-90D0-DF43F02EF7B8}.Debug|x64.Build.0 = Debug|x64
		{84F7572E-ACB9-4076-90D0-DF43F02EF7B8}.Debug|x86.ActiveCfg = Debug|Win32
		{84F7572E-ACB9-4076-90D0-DF43F02EF7B8}.Debug|x86.Build.0 = Debug|Win32
		{84F7572E-ACB9-4076-90D0-DF43F02EF7B8}.Release|x64.ActiveCfg = Release|x64
		{84F7572E-ACB9-4076-90D0-DF43F02EF7B8}.Release|x64.Build.0 = Release|x64
		{84F7572E-ACB9-4076-90D0-DF43F02EF7B8}.Release|x86.ActiveCfg = Release|Win32
		{84F7572E-ACB9-4076-90D0-DF43F02EF7B8}.Release|x86.Build.0 = Release|Win32
		{39E63116-5FF0-4217-92E8-D2AFFFDA3947}.Debug|x64.ActiveCfg = Debug|x64
		{39E63116-5FF0-4217-92E8-D2AFFFDA3947}.Debug|x64.Build.0 = Debug|x64
		{39E63116-5FF0-4217-92E8-D2AFFFDA3947}.Debug|x86.ActiveCfg = Debug|Win32
		{39E63116-5FF0-4217-92E8-D2AFFFDA3947}.Debug|x86.Build.0 = Debug|Win32
		{39E63116-5FF0-4217-92E8-D2AFFFDA3947}.Release|x64.ActiveCfg = Release|x64
		{39E63116-5FF0-4217-92E8-D2AFFFDA3947}.Release|x64.Build.0 = Release|x64
		{39E63116-5FF0-4217-92E8-D2AFFFDA3947}.Release|x86.ActiveCfg = Release|Win32
		{39E63116-5FF0-4217-92E8-D2AFFFDA3947}.Release|x86.Build.0 = Release|Win32
		{D6081274-AD8F-4CE1-B8BD-2086FFF18BAD}.Debug|x64.ActiveCfg = Debug|x64
		{D6081274-AD8F-4CE1-B8BD-2086FFF18BAD}.Debug|x64.Build.0 = Debug|x64
		{D6081274-AD8F-4CE1-B8BD-2086FFF18BAD}.Debug|x86.ActiveCfg = Debug|Win32
		{D6081274-AD8F-4CE1-B8BD-2086FFF18BAD}.Debug|x86.Build.0 = Debug|Win32
		{D6081274-AD8F-4CE1-B8BD-2086FFF18BAD}.Release|x64.ActiveCfg = Release|x64
		{D6081274-AD8F-4CE1-B8BD-2086FFF18BAD}.Release|x64.Build.0 = Release|x64
		{D6081274-AD8F-4CE1-B8BD-2086FFF18BAD}.Release|x86.ActiveCfg = Release|Win32
		{D6081274-AD8F-4CE1-B8BD-2086FFF18BAD}.Release|x86.Build.0 = Release|Win32
		{BBEA9A8E-AB17-43E4-804D-041242D5F2F6}.Debug|x64.ActiveCfg = Debug|x64
		{BBEA9A8E-AB17-43E4-804D-041242D5F2F6}.Debug|x64.Build.0 = Debug|x64
		{BBEA9A8E-AB17-43E4-804D-041242D5F2F6}.Debug|x86.ActiveCfg = Debug|Win32
		{BBEA9A8E-AB17-43E4-804D-041242D5F2F6}.Debug|x86.Build.0 = Debug|Win32
		{BBEA9A8E-AB17-43E4-804D-041242D5F2F6}.Release|x64.ActiveCfg = Release|x64
		{BBEA9A8E-AB17-43E4-804D-041242D5F2F6}.Release|x64.Build.0 = Release|x64
		{BBEA9A8E-AB17-43E4-804D-041242D5F2F6}.Release|x86.ActiveCfg = Release|Win32
		{BBEA9A8E-AB17-43E4-804D-041242D5F2F6}.Release|x86.Build.0 = Release|Win32
		{6333B30A-4CA8-4E96-B084-80638DAB65C4}.Debug|x64.ActiveCfg = Debug|x64
		{6333B30A-4CA8-4E96-B084-80638DAB65C4}.Debug|x64.Build.0 = Debug|x64
		{6333B30A-4CA8-4E96-B084-80638DAB65C4}.Debug|x86.ActiveCfg = Debug|Win32
		{6333B30A-4CA8-4E96-B084-80638DAB65C4}.Debug|x86.Build.0 = Debug|Win32
		{6333B30A-4CA8-4E96-B084-80638DAB65C4}.Release|x64.ActiveCfg = Release|x64
		{6333B30A-4CA8-4E96-B084-80638DAB65C4}.Release|x64.Build.0 = Release|x64
		{6333B30A-4CA8-4E96-B084-80638DAB65C4}.Release|x86.ActiveCfg = Release|Win32
		{6333B30A-4CA8-4E96-B084-80638DAB65C4}.Release|x86.Build.0 = Release|Win32
		{D642718E-6C8F-4F2E-A31A-530F4E099E71}.Debug|x64.ActiveCfg = Debug|x64
		{D642718E-6C8F-4F2E-A31A-530F4E099E71}.Debug|x64.Build.0 = Debug|x64
		{D642718E-6C8F-4F2E-A31A-530F4E099E71}.Debug|x86.ActiveCfg = Debug|Win32
		{D642718E-6C8F-4F2E-A31A-530F4E099E71}.Debug|x86.Build.0 = Debug|Win32
		{D642718E-6C8F-4F2E-A31A-530F4E099E71}.Release|x64.ActiveCfg = Release|x64
		{D642718E-6C8F-4F2E-A31A-530F4E099E71}.Release|x64.Build.0 = Release|x64
		{D642718E-6C8F-4F2E-A31A-530F4E099E71}.Release|x86.ActiveCfg = Release|Win32
		{D642718E-6C8F-4F2E-A31A-530F4E099E71}.Release|x86.Build.0 = Release|Win32
		{65302AB4-B648-4B50-BEAD-6A8959806ED5}.Debug|x64.ActiveCfg = Debug|x64
		{65302AB4-B648-4B50-BEAD-6A8959806ED5}.Debug|x64.Build.0 = Debug|x64
		{65302AB4-B648-4B50-BEAD-6A8959806ED5}.Debug|x86.ActiveCfg = Debug|Win32
		{65302AB4-B648-4B50-BEAD-6A8959806ED5}.Debug|x86.Build.0 = Debug|Win32
		{65302AB4-B648-4B50-BEAD-6A8959806ED5}.Release|x64.ActiveCfg = Release|x64
		{65302AB4-B648-4B50-BEAD-6A8959806ED5}.Release|x64.Build.0 = Release|x64
		{65302AB4-B648-4B50-BEAD-6A8959806ED5}.Release|x86.ActiveCfg = Release|Win32
		{65302AB4-B648-4B50-BEAD-6A8959806ED5}.Release|x86.Build.0 = Release|Win32
		{0577A80B-3798-488A-91F8-AAD0AE2F86B6}.Debug|x64.ActiveCfg = Debug|x64
		{0577A80B-3798-488A-91F8-AAD0AE2F86B6}.Debug|x64.Build.0 = Debug|x64
		{0577A80B-3798-488A-91F8-AAD0AE2F86B6}.Debug|x86.ActiveCfg = Debug|Win32
		{0577A80B-3798-488A-91F8-AAD0AE2F86B6}.Debug|x86.Build.0 = Debug|Win32
		{0577A80B-3798-488A-91F8-AAD0AE2F86B6}.Release|x64.ActiveCfg = Release|x64
		{0577A80B-3798-488A-91F8-AAD0AE2F86B6}.Release|x64.Build.0 = Release|x64
		{0577A80B-3798-488A-91F8-AAD0AE2F86B6}.Release|x86.ActiveCfg = Release|Win32
		{0577A80B-3798-488A-91F8-AAD0AE2F86B6}.Release|x86.Build.0 = Release|Win32
		{53D41B71-F1A0-4468-B6F3-25A081E0B497}.Debug|x64.ActiveCfg = Debug|x64
		{53D41B71-F1A0-4468-B6F3-25A081E0B497}.Debug|x64.Build.0 = Debug|x64
		{53D41B71-F1A0-4468-B6F3-25A081E0B497}.Debug|x86.ActiveCfg = Debug|Win32
		{53D41B71-F1A0-4468-B6F3-25A081E0B497}.Debug|x86.Build.0 = Debug|Win32
		{53D41B71-F1A0-4468-B6F3-25A081E0B497}.Release|x64.ActiveCfg = Release|x64
		{53D41B71-F1A0-4468-B6F3-25A081E0B497}.Release|x64.Build.0 = Release|x64
		{53D41B71-F1A0-4468-B6F3-25A081E0B497}.Release|x86.ActiveCfg = Release|Win32
		{53D41B71-F1A0-4468-B6F3-25A081E0B497}.Release|x86.Build.0 = Release|Win32
		{159C5828-0758-439B-9052-A5F1F90ED72C}.Debug|x64.ActiveCfg = Debug|x64
		{159C5828-0758-439B-9052-A5F1F90ED72C}.Debug|x64.Build.0 = Debug|x64
		{159C5828-0758-439B-9052-A5F1F90ED72C}.Debug|x86.ActiveCfg = Debug|Win32
		{159C5828-0758-439B-9052-A5F1F90ED72C}.Debug|x86.Build.0 = Debug|Win32
		{159C5828-0758-439B-9052-A5F1F90ED72C}.Release|x64.ActiveCfg = Release|x64
		{159C5828-0758-439B-9052-A5F1F90ED72C}.Release|x64.Build.0 = Release|x64
		{159C5828-0758-439B-9052-A5F1F90ED72C}.Release|x86.ActiveCfg = Release|Win32
		{159C5828-0758-439B-9052-A5F1F90ED72C}.Release|x86.Build.0 = Release|Win32
		{47023A86-CDDC-463C-AAA3-2607BB6C59C2}.Debug|x64.ActiveCfg = Debug|x64
		{47023A86-CDDC-463C-AAA3-2607BB6C59C2}.Debug|x64.Build.0 = Debug|x64
		{47023A86-CDDC-463C-AAA3-2607BB6C59C2}.Debug|x86.ActiveCfg = Debug|Win32
		{47023A86-CDDC-463C-AAA3-2607BB6C59C2}.Debug|x86.Build.0 = Debug|Win32
		{47023A86-CDDC-463C-AAA3-2607BB6C59C2}.Release|x64.ActiveCfg = Release|x64
		{47023A86-CDDC-463C-AAA3-2607BB6C59C2}.Release|x64.Build.0 = Release|x64
		{47023A86-CDDC-463C-AAA3-2607BB6C59C2}.Release|x86.ActiveCfg = Release|Win32
		{47023A86-CDDC-463C-AAA3-2607BB6C59C2}.Release|x86.Build.0 = Release|Win32
		{391E3B04-B9E5-49EF-A452-619F84AA6959}.Debug|x64.ActiveCfg = Debug|x64
		{391E3B04-B9E5-49EF-A452-619F84AA6959}.Debug|x64.Build.0 = Debug|x64
		{391E3B04-B9E5-49EF-A452-619F84AA6959}.Debug|x86.ActiveCfg = Debug|Win32
		{391E3B04-B9E5-49EF-A452-619F84AA6959}.Debug|x86.Build.0 = Debug|Win32
		{391E3B04-B9E5-49EF-A452-619F84AA6959}.Release|x64.ActiveCfg = Release|x64
		{391E3B04-B9E5-49EF-A452-619F84AA6959}.Release|x64.Build.0 = Release|x64
		{391E3B04-B9E5-49EF-A452-619F84AA6959}.Release|x86.ActiveCfg = Release|Win32
		{391E3B04-B9E5-49EF-A452-619F84AA6959}.Release|x86.Build.0 = Release|Win32
		{9E4AEF13-E546-4C4D-BBD7-35305DB017B1}.Debug|x64.ActiveCfg = Debug|x64
		{9E4AEF13-E546-4C4D-BBD7-35305DB017B1}.Debug|x64.Build.0 = Debug|x64
		{9E4AEF13-E546-4C4D-BBD7-35305DB017B1}.Debug|x86.ActiveCfg = Debug|Win32
		{9E4AEF13-E546-4C4D-BBD7-35305DB017B1}.Debug|x86.Build.0 = Debug|Win32
		{9E4AEF13-E546-4C4D-BBD7-35305DB017B1}.Release|x64.ActiveCfg = Release|x64
		{9E4AEF13-E546-4C4D-BBD7-35305DB017B1}.Release|x64.Build.0 = Release|x64
		{9E4AEF13-E546-4C4D-BBD7-35305DB017B1}.Release|x86.ActiveCfg = Release|Win32
		{9E4AEF13-E546-4C4D-BBD7-35305DB017B1}.Release|x86.Build.0 = Release|Win32
		{5358E4DB-D571-4647-99C9-F83A14A55770}.Debug|x64.ActiveCfg = Debug|x64
		{5358E4DB-D571-4647-99C9-F83A14A55770}.Debug|x64.Build.0 = Debug|x64
		{5358E4DB-D571-4647-99C9-F83A14A55770}.Debug|x86.ActiveCfg = Debug|Win32
		{5358E4DB-D571-4647-99C9-F83A14A55770}.Debug|x86.Build.0 = Debug|Win32
		{5358E4DB-D571-4647-99C9-F83A14A55770}.Release|x64.ActiveCfg = Release|x64
		{5358E4DB-D571-4647-99C9-F83A14A55770}.Release|x64.Build.0 = Release|x64
		{5358E4DB-D571-4647-99C9-F83A14A55770}.Release|x86.ActiveCfg = Release|Win32
		{5358E4DB-D571-4647-99C9-F83A14A55770}.Release|x86.Build.0 = Release|Win32
		{FEA9E81E-39E8-4C46-A206-8B718D8F1B22}.Debug|x64.ActiveCfg = Debug|x64
		{FEA9E81E-39E8-4C46-A206-8B718D8F1B22}.Debug|x64.Build.0 = Debug|x64
		{FEA9E81E-39E8-4C46-A206-8B718D8F1B22}.Debug|x86.ActiveCfg = Debug|Win32
		{FEA9E81E-39E8-4C46-A206-8B718D8F1B22}.Debug|x86.Build.0 = Debug|Win32
		{FEA9E81E-39E8-4C46-A206-8B718D8F1B22}.Release|x64.ActiveCfg = Release|x64
		{FEA9E81E-39E8-4C46-A206-8B718D8F1B22}.Release|x64.Build.0 = Release|x64
		{FEA9E81E-39E8-4C46-A206-8B718D8F1B22}.Release|x86.ActiveCfg = Release|Win32
		{FEA9E81E-39E8-4C46-A206-8B718D8F1B22}.Release|x86.Build.0 = Release|Win32
	EndGlobalSection
	GlobalSection(SolutionProperties) = preSolution
		HideSolutionNode = FALSE
	EndGlobalSection
	GlobalSection(ExtensibilityGlobals) = postSolution
		SolutionGuid = {D758CDAE-CF72-4E34-95AE-7AC9E2FEE523}
	EndGlobalSection
EndGlobal
